
Microsoft Visual Studio Solution File, Format Version 12.00
# Visual Studio Version 17
VisualStudioVersion = 17.14.36414.22
MinimumVisualStudioVersion = 10.0.40219.1
Project("{FAE04EC0-301F-11D3-BF4B-00C04F79EFBC}") = "Lab1", "Lab1.csproj", "{BF932A02-B4A4-489F-BE6A-58BF4ADCF4B4}"
EndProject
Project("{FAE04EC0-301F-11D3-BF4B-00C04F79EFBC}") = "Lab.Tests", "..\Lab.Tests\Lab.Tests.csproj", "{036F6F78-5D0B-45C5-9380-4ECF99A501AE}"
EndProject
Project("{FAE04EC0-301F-11D3-BF4B-00C04F79EFBC}") = "Lab2", "..\Lab2\Lab2.csproj", "{B1CA2963-27A3-7B7E-6515-7CF91905CF95}"
EndProject
Project("{8BC9CEB8-8B4A-11D0-8D11-00A0C91BC942}") = "Lab3", "..\Lab3\Lab3.vcxproj", "{FD3C409C-FB0C-41DE-8D13-F13331E2DA14}"
EndProject
Project("{FAE04EC0-301F-11D3-BF4B-00C04F79EFBC}") = "Lab4_Matrix", "..\Lab4_Matrix\Lab4_Matrix.csproj", "{B695EA52-F817-A3CE-B480-24441740319B}"
EndProject
Project("{FAE04EC0-301F-11D3-BF4B-00C04F79EFBC}") = "Lab5-P", "..\Lab5-P\Lab5-P.csproj", "{7751B9C4-D718-CF9A-2C7D-508829807D57}"
EndProject
Project("{FAE04EC0-301F-11D3-BF4B-00C04F79EFBC}") = "Lab6-TEditor", "..\Lab6-TEditor\Lab6-TEditor.csproj", "{A986A79B-2809-0FCD-383C-D6ABADE1A755}"
EndProject
Project("{FAE04EC0-301F-11D3-BF4B-00C04F79EFBC}") = "Lab7-MN", "..\Lab7-MN\Lab7-MN.csproj", "{907DE368-BA45-F221-77CC-F470FFF6E30A}"
EndProject
Global
	GlobalSection(SolutionConfigurationPlatforms) = preSolution
		Debug|Any CPU = Debug|Any CPU
		Debug|x64 = Debug|x64
		Debug|x86 = Debug|x86
		Release|Any CPU = Release|Any CPU
		Release|x64 = Release|x64
		Release|x86 = Release|x86
	EndGlobalSection
	GlobalSection(ProjectConfigurationPlatforms) = postSolution
		{BF932A02-B4A4-489F-BE6A-58BF4ADCF4B4}.Debug|Any CPU.ActiveCfg = Debug|Any CPU
		{BF932A02-B4A4-489F-BE6A-58BF4ADCF4B4}.Debug|Any CPU.Build.0 = Debug|Any CPU
		{BF932A02-B4A4-489F-BE6A-58BF4ADCF4B4}.Debug|x64.ActiveCfg = Debug|Any CPU
		{BF932A02-B4A4-489F-BE6A-58BF4ADCF4B4}.Debug|x64.Build.0 = Debug|Any CPU
		{BF932A02-B4A4-489F-BE6A-58BF4ADCF4B4}.Debug|x86.ActiveCfg = Debug|Any CPU
		{BF932A02-B4A4-489F-BE6A-58BF4ADCF4B4}.Debug|x86.Build.0 = Debug|Any CPU
		{BF932A02-B4A4-489F-BE6A-58BF4ADCF4B4}.Release|Any CPU.ActiveCfg = Release|Any CPU
		{BF932A02-B4A4-489F-BE6A-58BF4ADCF4B4}.Release|Any CPU.Build.0 = Release|Any CPU
		{BF932A02-B4A4-489F-BE6A-58BF4ADCF4B4}.Release|x64.ActiveCfg = Release|Any CPU
		{BF932A02-B4A4-489F-BE6A-58BF4ADCF4B4}.Release|x64.Build.0 = Release|Any CPU
		{BF932A02-B4A4-489F-BE6A-58BF4ADCF4B4}.Release|x86.ActiveCfg = Release|Any CPU
		{BF932A02-B4A4-489F-BE6A-58BF4ADCF4B4}.Release|x86.Build.0 = Release|Any CPU
		{036F6F78-5D0B-45C5-9380-4ECF99A501AE}.Debug|Any CPU.ActiveCfg = Debug|Any CPU
		{036F6F78-5D0B-45C5-9380-4ECF99A501AE}.Debug|Any CPU.Build.0 = Debug|Any CPU
		{036F6F78-5D0B-45C5-9380-4ECF99A501AE}.Debug|x64.ActiveCfg = Debug|Any CPU
		{036F6F78-5D0B-45C5-9380-4ECF99A501AE}.Debug|x64.Build.0 = Debug|Any CPU
		{036F6F78-5D0B-45C5-9380-4ECF99A501AE}.Debug|x86.ActiveCfg = Debug|Any CPU
		{036F6F78-5D0B-45C5-9380-4ECF99A501AE}.Debug|x86.Build.0 = Debug|Any CPU
		{036F6F78-5D0B-45C5-9380-4ECF99A501AE}.Release|Any CPU.ActiveCfg = Release|Any CPU
		{036F6F78-5D0B-45C5-9380-4ECF99A501AE}.Release|Any CPU.Build.0 = Release|Any CPU
		{036F6F78-5D0B-45C5-9380-4ECF99A501AE}.Release|x64.ActiveCfg = Release|Any CPU
		{036F6F78-5D0B-45C5-9380-4ECF99A501AE}.Release|x64.Build.0 = Release|Any CPU
		{036F6F78-5D0B-45C5-9380-4ECF99A501AE}.Release|x86.ActiveCfg = Release|Any CPU
		{036F6F78-5D0B-45C5-9380-4ECF99A501AE}.Release|x86.Build.0 = Release|Any CPU
		{B1CA2963-27A3-7B7E-6515-7CF91905CF95}.Debug|Any CPU.ActiveCfg = Debug|Any CPU
		{B1CA2963-27A3-7B7E-6515-7CF91905CF95}.Debug|Any CPU.Build.0 = Debug|Any CPU
		{B1CA2963-27A3-7B7E-6515-7CF91905CF95}.Debug|x64.ActiveCfg = Debug|Any CPU
		{B1CA2963-27A3-7B7E-6515-7CF91905CF95}.Debug|x64.Build.0 = Debug|Any CPU
		{B1CA2963-27A3-7B7E-6515-7CF91905CF95}.Debug|x86.ActiveCfg = Debug|Any CPU
		{B1CA2963-27A3-7B7E-6515-7CF91905CF95}.Debug|x86.Build.0 = Debug|Any CPU
		{B1CA2963-27A3-7B7E-6515-7CF91905CF95}.Release|Any CPU.ActiveCfg = Release|Any CPU
		{B1CA2963-27A3-7B7E-6515-7CF91905CF95}.Release|Any CPU.Build.0 = Release|Any CPU
		{B1CA2963-27A3-7B7E-6515-7CF91905CF95}.Release|x64.ActiveCfg = Release|Any CPU
		{B1CA2963-27A3-7B7E-6515-7CF91905CF95}.Release|x64.Build.0 = Release|Any CPU
		{B1CA2963-27A3-7B7E-6515-7CF91905CF95}.Release|x86.ActiveCfg = Release|Any CPU
		{B1CA2963-27A3-7B7E-6515-7CF91905CF95}.Release|x86.Build.0 = Release|Any CPU
		{FD3C409C-FB0C-41DE-8D13-F13331E2DA14}.Debug|Any CPU.ActiveCfg = Debug|x64
		{FD3C409C-FB0C-41DE-8D13-F13331E2DA14}.Debug|Any CPU.Build.0 = Debug|x64
		{FD3C409C-FB0C-41DE-8D13-F13331E2DA14}.Debug|x64.ActiveCfg = Debug|x64
		{FD3C409C-FB0C-41DE-8D13-F13331E2DA14}.Debug|x64.Build.0 = Debug|x64
		{FD3C409C-FB0C-41DE-8D13-F13331E2DA14}.Debug|x86.ActiveCfg = Debug|Win32
		{FD3C409C-FB0C-41DE-8D13-F13331E2DA14}.Debug|x86.Build.0 = Debug|Win32
		{FD3C409C-FB0C-41DE-8D13-F13331E2DA14}.Release|Any CPU.ActiveCfg = Release|x64
		{FD3C409C-FB0C-41DE-8D13-F13331E2DA14}.Release|Any CPU.Build.0 = Release|x64
		{FD3C409C-FB0C-41DE-8D13-F13331E2DA14}.Release|x64.ActiveCfg = Release|x64
		{FD3C409C-FB0C-41DE-8D13-F13331E2DA14}.Release|x64.Build.0 = Release|x64
		{FD3C409C-FB0C-41DE-8D13-F13331E2DA14}.Release|x86.ActiveCfg = Release|Win32
		{FD3C409C-FB0C-41DE-8D13-F13331E2DA14}.Release|x86.Build.0 = Release|Win32
		{B695EA52-F817-A3CE-B480-24441740319B}.Debug|Any CPU.ActiveCfg = Debug|Any CPU
		{B695EA52-F817-A3CE-B480-24441740319B}.Debug|Any CPU.Build.0 = Debug|Any CPU
		{B695EA52-F817-A3CE-B480-24441740319B}.Debug|x64.ActiveCfg = Debug|Any CPU
		{B695EA52-F817-A3CE-B480-24441740319B}.Debug|x64.Build.0 = Debug|Any CPU
		{B695EA52-F817-A3CE-B480-24441740319B}.Debug|x86.ActiveCfg = Debug|Any CPU
		{B695EA52-F817-A3CE-B480-24441740319B}.Debug|x86.Build.0 = Debug|Any CPU
		{B695EA52-F817-A3CE-B480-24441740319B}.Release|Any CPU.ActiveCfg = Release|Any CPU
		{B695EA52-F817-A3CE-B480-24441740319B}.Release|Any CPU.Build.0 = Release|Any CPU
		{B695EA52-F817-A3CE-B480-24441740319B}.Release|x64.ActiveCfg = Release|Any CPU
		{B695EA52-F817-A3CE-B480-24441740319B}.Release|x64.Build.0 = Release|Any CPU
		{B695EA52-F817-A3CE-B480-24441740319B}.Release|x86.ActiveCfg = Release|Any CPU
		{B695EA52-F817-A3CE-B480-24441740319B}.Release|x86.Build.0 = Release|Any CPU
		{7751B9C4-D718-CF9A-2C7D-508829807D57}.Debug|Any CPU.ActiveCfg = Debug|Any CPU
		{7751B9C4-D718-CF9A-2C7D-508829807D57}.Debug|Any CPU.Build.0 = Debug|Any CPU
		{7751B9C4-D718-CF9A-2C7D-508829807D57}.Debug|x64.ActiveCfg = Debug|Any CPU
		{7751B9C4-D718-CF9A-2C7D-508829807D57}.Debug|x64.Build.0 = Debug|Any CPU
		{7751B9C4-D718-CF9A-2C7D-508829807D57}.Debug|x86.ActiveCfg = Debug|Any CPU
		{7751B9C4-D718-CF9A-2C7D-508829807D57}.Debug|x86.Build.0 = Debug|Any CPU
		{7751B9C4-D718-CF9A-2C7D-508829807D57}.Release|Any CPU.ActiveCfg = Release|Any CPU
		{7751B9C4-D718-CF9A-2C7D-508829807D57}.Release|Any CPU.Build.0 = Release|Any CPU
		{7751B9C4-D718-CF9A-2C7D-508829807D57}.Release|x64.ActiveCfg = Release|Any CPU
		{7751B9C4-D718-CF9A-2C7D-508829807D57}.Release|x64.Build.0 = Release|Any CPU
		{7751B9C4-D718-CF9A-2C7D-508829807D57}.Release|x86.ActiveCfg = Release|Any CPU
		{7751B9C4-D718-CF9A-2C7D-508829807D57}.Release|x86.Build.0 = Release|Any CPU
		{A986A79B-2809-0FCD-383C-D6ABADE1A755}.Debug|Any CPU.ActiveCfg = Debug|Any CPU
		{A986A79B-2809-0FCD-383C-D6ABADE1A755}.Debug|Any CPU.Build.0 = Debug|Any CPU
		{A986A79B-2809-0FCD-383C-D6ABADE1A755}.Debug|x64.ActiveCfg = Debug|Any CPU
		{A986A79B-2809-0FCD-383C-D6ABADE1A755}.Debug|x64.Build.0 = Debug|Any CPU
		{A986A79B-2809-0FCD-383C-D6ABADE1A755}.Debug|x86.ActiveCfg = Debug|Any CPU
		{A986A79B-2809-0FCD-383C-D6ABADE1A755}.Debug|x86.Build.0 = Debug|Any CPU
		{A986A79B-2809-0FCD-383C-D6ABADE1A755}.Release|Any CPU.ActiveCfg = Release|Any CPU
		{A986A79B-2809-0FCD-383C-D6ABADE1A755}.Release|Any CPU.Build.0 = Release|Any CPU
		{A986A79B-2809-0FCD-383C-D6ABADE1A755}.Release|x64.ActiveCfg = Release|Any CPU
		{A986A79B-2809-0FCD-383C-D6ABADE1A755}.Release|x64.Build.0 = Release|Any CPU
		{A986A79B-2809-0FCD-383C-D6ABADE1A755}.Release|x86.ActiveCfg = Release|Any CPU
		{A986A79B-2809-0FCD-383C-D6ABADE1A755}.Release|x86.Build.0 = Release|Any CPU
		{907DE368-BA45-F221-77CC-F470FFF6E30A}.Debug|Any CPU.ActiveCfg = Debug|Any CPU
		{907DE368-BA45-F221-77CC-F470FFF6E30A}.Debug|Any CPU.Build.0 = Debug|Any CPU
		{907DE368-BA45-F221-77CC-F470FFF6E30A}.Debug|x64.ActiveCfg = Debug|Any CPU
		{907DE368-BA45-F221-77CC-F470FFF6E30A}.Debug|x64.Build.0 = Debug|Any CPU
		{907DE368-BA45-F221-77CC-F470FFF6E30A}.Debug|x86.ActiveCfg = Debug|Any CPU
		{907DE368-BA45-F221-77CC-F470FFF6E30A}.Debug|x86.Build.0 = Debug|Any CPU
		{907DE368-BA45-F221-77CC-F470FFF6E30A}.Release|Any CPU.ActiveCfg = Release|Any CPU
		{907DE368-BA45-F221-77CC-F470FFF6E30A}.Release|Any CPU.Build.0 = Release|Any CPU
		{907DE368-BA45-F221-77CC-F470FFF6E30A}.Release|x64.ActiveCfg = Release|Any CPU
		{907DE368-BA45-F221-77CC-F470FFF6E30A}.Release|x64.Build.0 = Release|Any CPU
		{907DE368-BA45-F221-77CC-F470FFF6E30A}.Release|x86.ActiveCfg = Release|Any CPU
		{907DE368-BA45-F221-77CC-F470FFF6E30A}.Release|x86.Build.0 = Release|Any CPU
	EndGlobalSection
	GlobalSection(SolutionProperties) = preSolution
		HideSolutionNode = FALSE
	EndGlobalSection
	GlobalSection(ExtensibilityGlobals) = postSolution
		SolutionGuid = {C13E56FB-F4AC-4333-A00C-21E5C44B3736}
	EndGlobalSection
EndGlobal
