
Microsoft Visual Studio Solution File, Format Version 12.00
# Visual Studio Version 17
VisualStudioVersion = 17.14.36414.22
MinimumVisualStudioVersion = 10.0.40219.1
Project("{FAE04EC0-301F-11D3-BF4B-00C04F79EFBC}") = "Lab2", "Lab2.csproj", "{5AC9D6F9-04E2-4E5C-9C0A-BE661757533C}"
EndProject
Project("{FAE04EC0-301F-11D3-BF4B-00C04F79EFBC}") = "Lab.Tests", "..\Lab.Tests\Lab.Tests.csproj", "{8B85557D-998A-D229-D61C-1483C188E048}"
EndProject
Global
	GlobalSection(SolutionConfigurationPlatforms) = preSolution
		Debug|Any CPU = Debug|Any CPU
		Release|Any CPU = Release|Any CPU
	EndGlobalSection
	GlobalSection(ProjectConfigurationPlatforms) = postSolution
		{5AC9D6F9-04E2-4E5C-9C0A-BE661757533C}.Debug|Any CPU.ActiveCfg = Debug|Any CPU
		{5AC9D6F9-04E2-4E5C-9C0A-BE661757533C}.Debug|Any CPU.Build.0 = Debug|Any CPU
		{5AC9D6F9-04E2-4E5C-9C0A-BE661757533C}.Release|Any CPU.ActiveCfg = Release|Any CPU
		{5AC9D6F9-04E2-4E5C-9C0A-BE661757533C}.Release|Any CPU.Build.0 = Release|Any CPU
		{8B85557D-998A-D229-D61C-1483C188E048}.Debug|Any CPU.ActiveCfg = Debug|Any CPU
		{8B85557D-998A-D229-D61C-1483C188E048}.Debug|Any CPU.Build.0 = Debug|Any CPU
		{8B85557D-998A-D229-D61C-1483C188E048}.Release|Any CPU.ActiveCfg = Release|Any CPU
		{8B85557D-998A-D229-D61C-1483C188E048}.Release|Any CPU.Build.0 = Release|Any CPU
	EndGlobalSection
	GlobalSection(SolutionProperties) = preSolution
		HideSolutionNode = FALSE
	EndGlobalSection
	GlobalSection(ExtensibilityGlobals) = postSolution
		SolutionGuid = {DCEA9675-C43D-43AC-8F83-A94B49DC5697}
	EndGlobalSection
EndGlobal
